// !$*UTF8*$!
{
	archiveVersion = 1;
	classes = {
	};
	objectVersion = 46;
	objects = {

/* Begin PBXBuildFile section */
		C45EA2091B3BA16C007A513A /* AppDelegate.swift in Sources */ = {isa = PBXBuildFile; fileRef = C45EA2081B3BA16C007A513A /* AppDelegate.swift */; };
		C45EA20B1B3BA16C007A513A /* ViewController.swift in Sources */ = {isa = PBXBuildFile; fileRef = C45EA20A1B3BA16C007A513A /* ViewController.swift */; };
		C45EA20E1B3BA16C007A513A /* Main.storyboard in Resources */ = {isa = PBXBuildFile; fileRef = C45EA20C1B3BA16C007A513A /* Main.storyboard */; };
		C45EA2101B3BA16C007A513A /* Images.xcassets in Resources */ = {isa = PBXBuildFile; fileRef = C45EA20F1B3BA16C007A513A /* Images.xcassets */; };
		C45EA2131B3BA16C007A513A /* LaunchScreen.xib in Resources */ = {isa = PBXBuildFile; fileRef = C45EA2111B3BA16C007A513A /* LaunchScreen.xib */; };
		C45EA21F1B3BA16C007A513A /* myappTests.swift in Sources */ = {isa = PBXBuildFile; fileRef = C45EA21E1B3BA16C007A513A /* myappTests.swift */; };
/* End PBXBuildFile section */

/* Begin PBXContainerItemProxy section */
		C45EA2191B3BA16C007A513A /* PBXContainerItemProxy */ = {
			isa = PBXContainerItemProxy;
			containerPortal = C45EA1FB1B3BA16C007A513A /* Project object */;
			proxyType = 1;
			remoteGlobalIDString = C45EA2021B3BA16C007A513A;
			remoteInfo = myapp;
		};
/* End PBXContainerItemProxy section */

/* Begin PBXFileReference section */
		C45EA2031B3BA16C007A513A /* myapp.app */ = {isa = PBXFileReference; explicitFileType = wrapper.application; includeInIndex = 0; path = myapp.app; sourceTree = BUILT_PRODUCTS_DIR; };
		C45EA2071B3BA16C007A513A /* Info.plist */ = {isa = PBXFileReference; lastKnownFileType = text.plist.xml; path = Info.plist; sourceTree = "<group>"; };
		C45EA2081B3BA16C007A513A /* AppDelegate.swift */ = {isa = PBXFileReference; lastKnownFileType = sourcecode.swift; path = AppDelegate.swift; sourceTree = "<group>"; };
		C45EA20A1B3BA16C007A513A /* ViewController.swift */ = {isa = PBXFileReference; lastKnownFileType = sourcecode.swift; path = ViewController.swift; sourceTree = "<group>"; };
		C45EA20D1B3BA16C007A513A /* Base */ = {isa = PBXFileReference; lastKnownFileType = file.storyboard; name = Base; path = Base.lproj/Main.storyboard; sourceTree = "<group>"; };
		C45EA20F1B3BA16C007A513A /* Images.xcassets */ = {isa = PBXFileReference; lastKnownFileType = folder.assetcatalog; path = Images.xcassets; sourceTree = "<group>"; };
		C45EA2121B3BA16C007A513A /* Base */ = {isa = PBXFileReference; lastKnownFileType = file.xib; name = Base; path = Base.lproj/LaunchScreen.xib; sourceTree = "<group>"; };
		C45EA2181B3BA16C007A513A /* myappTests.xctest */ = {isa = PBXFileReference; explicitFileType = wrapper.cfbundle; includeInIndex = 0; path = myappTests.xctest; sourceTree = BUILT_PRODUCTS_DIR; };
		C45EA21D1B3BA16C007A513A /* Info.plist */ = {isa = PBXFileReference; lastKnownFileType = text.plist.xml; path = Info.plist; sourceTree = "<group>"; };
		C45EA21E1B3BA16C007A513A /* myappTests.swift */ = {isa = PBXFileReference; lastKnownFileType = sourcecode.swift; path = myappTests.swift; sourceTree = "<group>"; };
/* End PBXFileReference section */

/* Begin PBXFrameworksBuildPhase section */
		C45EA2001B3BA16C007A513A /* Frameworks */ = {
			isa = PBXFrameworksBuildPhase;
			buildActionMask = 2147483647;
			files = (
			);
			runOnlyForDeploymentPostprocessing = 0;
		};
		C45EA2151B3BA16C007A513A /* Frameworks */ = {
			isa = PBXFrameworksBuildPhase;
			buildActionMask = 2147483647;
			files = (
			);
			runOnlyForDeploymentPostprocessing = 0;
		};
/* End PBXFrameworksBuildPhase section */

/* Begin PBXGroup section */
		C45EA1FA1B3BA16C007A513A = {
			isa = PBXGroup;
			children = (
				C45EA2051B3BA16C007A513A /* myapp */,
				C45EA21B1B3BA16C007A513A /* myappTests */,
				C45EA2041B3BA16C007A513A /* Products */,
			);
			sourceTree = "<group>";
		};
		C45EA2041B3BA16C007A513A /* Products */ = {
			isa = PBXGroup;
			children = (
				C45EA2031B3BA16C007A513A /* myapp.app */,
				C45EA2181B3BA16C007A513A /* myappTests.xctest */,
			);
			name = Products;
			sourceTree = "<group>";
		};
		C45EA2051B3BA16C007A513A /* myapp */ = {
			isa = PBXGroup;
			children = (
				C45EA2081B3BA16C007A513A /* AppDelegate.swift */,
				C45EA20A1B3BA16C007A513A /* ViewController.swift */,
				C45EA20C1B3BA16C007A513A /* Main.storyboard */,
				C45EA20F1B3BA16C007A513A /* Images.xcassets */,
				C45EA2111B3BA16C007A513A /* LaunchScreen.xib */,
				C45EA2061B3BA16C007A513A /* Supporting Files */,
			);
			path = myapp;
			sourceTree = "<group>";
		};
		C45EA2061B3BA16C007A513A /* Supporting Files */ = {
			isa = PBXGroup;
			children = (
				C45EA2071B3BA16C007A513A /* Info.plist */,
			);
			name = "Supporting Files";
			sourceTree = "<group>";
		};
		C45EA21B1B3BA16C007A513A /* myappTests */ = {
			isa = PBXGroup;
			children = (
				C45EA21E1B3BA16C007A513A /* myappTests.swift */,
				C45EA21C1B3BA16C007A513A /* Supporting Files */,
			);
			path = myappTests;
			sourceTree = "<group>";
		};
		C45EA21C1B3BA16C007A513A /* Supporting Files */ = {
			isa = PBXGroup;
			children = (
				C45EA21D1B3BA16C007A513A /* Info.plist */,
			);
			name = "Supporting Files";
			sourceTree = "<group>";
		};
/* End PBXGroup section */

/* Begin PBXNativeTarget section */
		C45EA2021B3BA16C007A513A /* myapp */ = {
			isa = PBXNativeTarget;
			buildConfigurationList = C45EA2221B3BA16C007A513A /* Build configuration list for PBXNativeTarget "myapp" */;
			buildPhases = (
				C45EA1FF1B3BA16C007A513A /* Sources */,
				C45EA2001B3BA16C007A513A /* Frameworks */,
				C45EA2011B3BA16C007A513A /* Resources */,
			);
			buildRules = (
			);
			dependencies = (
			);
			name = myapp;
			productName = myapp;
			productReference = C45EA2031B3BA16C007A513A /* myapp.app */;
			productType = "com.apple.product-type.application";
		};
		C45EA2171B3BA16C007A513A /* myappTests */ = {
			isa = PBXNativeTarget;
			buildConfigurationList = C45EA2251B3BA16C007A513A /* Build configuration list for PBXNativeTarget "myappTests" */;
			buildPhases = (
				C45EA2141B3BA16C007A513A /* Sources */,
				C45EA2151B3BA16C007A513A /* Frameworks */,
				C45EA2161B3BA16C007A513A /* Resources */,
			);
			buildRules = (
			);
			dependencies = (
				C45EA21A1B3BA16C007A513A /* PBXTargetDependency */,
			);
			name = myappTests;
			productName = myappTests;
			productReference = C45EA2181B3BA16C007A513A /* myappTests.xctest */;
			productType = "com.apple.product-type.bundle.unit-test";
		};
/* End PBXNativeTarget section */

/* Begin PBXProject section */
		C45EA1FB1B3BA16C007A513A /* Project object */ = {
			isa = PBXProject;
			attributes = {
				LastUpgradeCheck = 0630;
				ORGANIZATIONNAME = qinyuanlong;
				TargetAttributes = {
					C45EA2021B3BA16C007A513A = {
						CreatedOnToolsVersion = 6.3.1;
					};
					C45EA2171B3BA16C007A513A = {
						CreatedOnToolsVersion = 6.3.1;
						TestTargetID = C45EA2021B3BA16C007A513A;
					};
				};
			};
			buildConfigurationList = C45EA1FE1B3BA16C007A513A /* Build configuration list for PBXProject "myapp" */;
			compatibilityVersion = "Xcode 3.2";
			developmentRegion = English;
			hasScannedForEncodings = 0;
			knownRegions = (
				en,
				Base,
			);
			mainGroup = C45EA1FA1B3BA16C007A513A;
			productRefGroup = C45EA2041B3BA16C007A513A /* Products */;
			projectDirPath = "";
			projectRoot = "";
			targets = (
				C45EA2021B3BA16C007A513A /* myapp */,
				C45EA2171B3BA16C007A513A /* myappTests */,
			);
		};
/* End PBXProject section */

/* Begin PBXResourcesBuildPhase section */
		C45EA2011B3BA16C007A513A /* Resources */ = {
			isa = PBXResourcesBuildPhase;
			buildActionMask = 2147483647;
			files = (
				C45EA20E1B3BA16C007A513A /* Main.storyboard in Resources */,
				C45EA2131B3BA16C007A513A /* LaunchScreen.xib in Resources */,
				C45EA2101B3BA16C007A513A /* Images.xcassets in Resources */,
			);
			runOnlyForDeploymentPostprocessing = 0;
		};
		C45EA2161B3BA16C007A513A /* Resources */ = {
			isa = PBXResourcesBuildPhase;
			buildActionMask = 2147483647;
			files = (
			);
			runOnlyForDeploymentPostprocessing = 0;
		};
/* End PBXResourcesBuildPhase section */

/* Begin PBXSourcesBuildPhase section */
		C45EA1FF1B3BA16C007A513A /* Sources */ = {
			isa = PBXSourcesBuildPhase;
			buildActionMask = 2147483647;
			files = (
				C45EA20B1B3BA16C007A513A /* ViewController.swift in Sources */,
				C45EA2091B3BA16C007A513A /* AppDelegate.swift in Sources */,
			);
			runOnlyForDeploymentPostprocessing = 0;
		};
		C45EA2141B3BA16C007A513A /* Sources */ = {
			isa = PBXSourcesBuildPhase;
			buildActionMask = 2147483647;
			files = (
				C45EA21F1B3BA16C007A513A /* myappTests.swift in Sources */,
			);
			runOnlyForDeploymentPostprocessing = 0;
		};
/* End PBXSourcesBuildPhase section */

/* Begin PBXTargetDependency section */
		C45EA21A1B3BA16C007A513A /* PBXTargetDependency */ = {
			isa = PBXTargetDependency;
			target = C45EA2021B3BA16C007A513A /* myapp */;
			targetProxy = C45EA2191B3BA16C007A513A /* PBXContainerItemProxy */;
		};
/* End PBXTargetDependency section */

/* Begin PBXVariantGroup section */
		C45EA20C1B3BA16C007A513A /* Main.storyboard */ = {
			isa = PBXVariantGroup;
			children = (
				C45EA20D1B3BA16C007A513A /* Base */,
			);
			name = Main.storyboard;
			sourceTree = "<group>";
		};
		C45EA2111B3BA16C007A513A /* LaunchScreen.xib */ = {
			isa = PBXVariantGroup;
			children = (
				C45EA2121B3BA16C007A513A /* Base */,
			);
			name = LaunchScreen.xib;
			sourceTree = "<group>";
		};
/* End PBXVariantGroup section */

/* Begin XCBuildConfiguration section */
		C45EA2201B3BA16C007A513A /* Debug */ = {
			isa = XCBuildConfiguration;
			buildSettings = {
				ALWAYS_SEARCH_USER_PATHS = NO;
				CLANG_CXX_LANGUAGE_STANDARD = "gnu++0x";
				CLANG_CXX_LIBRARY = "libc++";
				CLANG_ENABLE_MODULES = YES;
				CLANG_ENABLE_OBJC_ARC = YES;
				CLANG_WARN_BOOL_CONVERSION = YES;
				CLANG_WARN_CONSTANT_CONVERSION = YES;
				CLANG_WARN_DIRECT_OBJC_ISA_USAGE = YES_ERROR;
				CLANG_WARN_EMPTY_BODY = YES;
				CLANG_WARN_ENUM_CONVERSION = YES;
				CLANG_WARN_INT_CONVERSION = YES;
				CLANG_WARN_OBJC_ROOT_CLASS = YES_ERROR;
				CLANG_WARN_UNREACHABLE_CODE = YES;
				CLANG_WARN__DUPLICATE_METHOD_MATCH = YES;
				"CODE_SIGN_IDENTITY[sdk=iphoneos*]" = "iPhone Developer";
				COPY_PHASE_STRIP = NO;
				DEBUG_INFORMATION_FORMAT = "dwarf-with-dsym";
				ENABLE_STRICT_OBJC_MSGSEND = YES;
				GCC_C_LANGUAGE_STANDARD = gnu99;
				GCC_DYNAMIC_NO_PIC = NO;
				GCC_NO_COMMON_BLOCKS = YES;
				GCC_OPTIMIZATION_LEVEL = 0;
				GCC_PREPROCESSOR_DEFINITIONS = (
					"DEBUG=1",
					"$(inherited)",
				);
				GCC_SYMBOLS_PRIVATE_EXTERN = NO;
				GCC_WARN_64_TO_32_BIT_CONVERSION = YES;
				GCC_WARN_ABOUT_RETURN_TYPE = YES_ERROR;
				GCC_WARN_UNDECLARED_SELECTOR = YES;
				GCC_WARN_UNINITIALIZED_AUTOS = YES_AGGRESSIVE;
				GCC_WARN_UNUSED_FUNCTION = YES;
				GCC_WARN_UNUSED_VARIABLE = YES;
				IPHONEOS_DEPLOYMENT_TARGET = 8.3;
				MTL_ENABLE_DEBUG_INFO = YES;
				ONLY_ACTIVE_ARCH = YES;
				SDKROOT = iphoneos;
				SWIFT_OPTIMIZATION_LEVEL = "-Onone";
			};
			name = Debug;
		};
		C45EA2211B3BA16C007A513A /* Release */ = {
			isa = XCBuildConfiguration;
			buildSettings = {
				ALWAYS_SEARCH_USER_PATHS = NO;
				CLANG_CXX_LANGUAGE_STANDARD = "gnu++0x";
				CLANG_CXX_LIBRARY = "libc++";
				CLANG_ENABLE_MODULES = YES;
				CLANG_ENABLE_OBJC_ARC = YES;
				CLANG_WARN_BOOL_CONVERSION = YES;
				CLANG_WARN_CONSTANT_CONVERSION = YES;
				CLANG_WARN_DIRECT_OBJC_ISA_USAGE = YES_ERROR;
				CLANG_WARN_EMPTY_BODY = YES;
				CLANG_WARN_ENUM_CONVERSION = YES;
				CLANG_WARN_INT_CONVERSION = YES;
				CLANG_WARN_OBJC_ROOT_CLASS = YES_ERROR;
				CLANG_WARN_UNREACHABLE_CODE = YES;
				CLANG_WARN__DUPLICATE_METHOD_MATCH = YES;
				"CODE_SIGN_IDENTITY[sdk=iphoneos*]" = "iPhone Developer";
				COPY_PHASE_STRIP = NO;
				DEBUG_INFORMATION_FORMAT = "dwarf-with-dsym";
				ENABLE_NS_ASSERTIONS = NO;
				ENABLE_STRICT_OBJC_MSGSEND = YES;
				GCC_C_LANGUAGE_STANDARD = gnu99;
				GCC_NO_COMMON_BLOCKS = YES;
				GCC_WARN_64_TO_32_BIT_CONVERSION = YES;
				GCC_WARN_ABOUT_RETURN_TYPE = YES_ERROR;
				GCC_WARN_UNDECLARED_SELECTOR = YES;
				GCC_WARN_UNINITIALIZED_AUTOS = YES_AGGRESSIVE;
				GCC_WARN_UNUSED_FUNCTION = YES;
				GCC_WARN_UNUSED_VARIABLE = YES;
				IPHONEOS_DEPLOYMENT_TARGET = 8.3;
				MTL_ENABLE_DEBUG_INFO = NO;
				SDKROOT = iphoneos;
				VALIDATE_PRODUCT = YES;
			};
			name = Release;
		};
		C45EA2231B3BA16C007A513A /* Debug */ = {
			isa = XCBuildConfiguration;
			buildSettings = {
				ASSETCATALOG_COMPILER_APPICON_NAME = AppIcon;
				INFOPLIST_FILE = myapp/Info.plist;
				LD_RUNPATH_SEARCH_PATHS = "$(inherited) @executable_path/Frameworks";
				PRODUCT_NAME = "$(TARGET_NAME)";
			};
			name = Debug;
		};
		C45EA2241B3BA16C007A513A /* Release */ = {
			isa = XCBuildConfiguration;
			buildSettings = {
				ASSETCATALOG_COMPILER_APPICON_NAME = AppIcon;
				INFOPLIST_FILE = myapp/Info.plist;
				LD_RUNPATH_SEARCH_PATHS = "$(inherited) @executable_path/Frameworks";
				PRODUCT_NAME = "$(TARGET_NAME)";
			};
			name = Release;
		};
		C45EA2261B3BA16C007A513A /* Debug */ = {
			isa = XCBuildConfiguration;
			buildSettings = {
				BUNDLE_LOADER = "$(TEST_HOST)";
				FRAMEWORK_SEARCH_PATHS = (
					"$(SDKROOT)/Developer/Library/Frameworks",
					"$(inherited)",
				);
				GCC_PREPROCESSOR_DEFINITIONS = (
					"DEBUG=1",
					"$(inherited)",
				);
				INFOPLIST_FILE = myappTests/Info.plist;
				LD_RUNPATH_SEARCH_PATHS = "$(inherited) @executable_path/Frameworks @loader_path/Frameworks";
				PRODUCT_NAME = "$(TARGET_NAME)";
				TEST_HOST = "$(BUILT_PRODUCTS_DIR)/myapp.app/myapp";
			};
			name = Debug;
		};
		C45EA2271B3BA16C007A513A /* Release */ = {
			isa = XCBuildConfiguration;
			buildSettings = {
				BUNDLE_LOADER = "$(TEST_HOST)";
				FRAMEWORK_SEARCH_PATHS = (
					"$(SDKROOT)/Developer/Library/Frameworks",
					"$(inherited)",
				);
				INFOPLIST_FILE = myappTests/Info.plist;
				LD_RUNPATH_SEARCH_PATHS = "$(inherited) @executable_path/Frameworks @loader_path/Frameworks";
				PRODUCT_NAME = "$(TARGET_NAME)";
				TEST_HOST = "$(BUILT_PRODUCTS_DIR)/myapp.app/myapp";
			};
			name = Release;
		};
/* End XCBuildConfiguration section */

/* Begin XCConfigurationList section */
		C45EA1FE1B3BA16C007A513A /* Build configuration list for PBXProject "myapp" */ = {
			isa = XCConfigurationList;
			buildConfigurations = (
				C45EA2201B3BA16C007A513A /* Debug */,
				C45EA2211B3BA16C007A513A /* Release */,
			);
			defaultConfigurationIsVisible = 0;
			defaultConfigurationName = Release;
		};
		C45EA2221B3BA16C007A513A /* Build configuration list for PBXNativeTarget "myapp" */ = {
			isa = XCConfigurationList;
			buildConfigurations = (
				C45EA2231B3BA16C007A513A /* Debug */,
				C45EA2241B3BA16C007A513A /* Release */,
			);
			defaultConfigurationIsVisible = 0;
		};
		C45EA2251B3BA16C007A513A /* Build configuration list for PBXNativeTarget "myappTests" */ = {
			isa = XCConfigurationList;
			buildConfigurations = (
				C45EA2261B3BA16C007A513A /* Debug */,
				C45EA2271B3BA16C007A513A /* Release */,
			);
			defaultConfigurationIsVisible = 0;
		};
/* End XCConfigurationList section */
	};
	rootObject = C45EA1FB1B3BA16C007A513A /* Project object */;
}
