// !$*UTF8*$!
{
	archiveVersion = 1;
	classes = {
	};
	objectVersion = 46;
	objects = {

/* Begin PBXBuildFile section */
		50B436467E024B8ABCA4C323 /* libPods-IMPlan_iOS.a in Frameworks */ = {isa = PBXBuildFile; fileRef = 8A163E700382355DADB440D3 /* libPods-IMPlan_iOS.a */; };
		C4E136861B3906310092B976 /* AppDelegate.swift in Sources */ = {isa = PBXBuildFile; fileRef = C4E136851B3906310092B976 /* AppDelegate.swift */; };
		C4E136881B3906310092B976 /* ViewController.swift in Sources */ = {isa = PBXBuildFile; fileRef = C4E136871B3906310092B976 /* ViewController.swift */; };
		C4E1368B1B3906310092B976 /* Main.storyboard in Resources */ = {isa = PBXBuildFile; fileRef = C4E136891B3906310092B976 /* Main.storyboard */; };
		C4E1368D1B3906310092B976 /* Images.xcassets in Resources */ = {isa = PBXBuildFile; fileRef = C4E1368C1B3906310092B976 /* Images.xcassets */; };
		C4E136901B3906310092B976 /* LaunchScreen.xib in Resources */ = {isa = PBXBuildFile; fileRef = C4E1368E1B3906310092B976 /* LaunchScreen.xib */; };
		C4E1369C1B3906310092B976 /* IMPlan_iOSTests.swift in Sources */ = {isa = PBXBuildFile; fileRef = C4E1369B1B3906310092B976 /* IMPlan_iOSTests.swift */; };
/* End PBXBuildFile section */

/* Begin PBXContainerItemProxy section */
		C4E136961B3906310092B976 /* PBXContainerItemProxy */ = {
			isa = PBXContainerItemProxy;
			containerPortal = C4E136781B3906310092B976 /* Project object */;
			proxyType = 1;
			remoteGlobalIDString = C4E1367F1B3906310092B976;
			remoteInfo = IMPlan_iOS;
		};
/* End PBXContainerItemProxy section */

/* Begin PBXFileReference section */
		32DC8045B035D10D24FEEFDE /* Pods-IMPlan_iOS.release.xcconfig */ = {isa = PBXFileReference; includeInIndex = 1; lastKnownFileType = text.xcconfig; name = "Pods-IMPlan_iOS.release.xcconfig"; path = "Pods/Target Support Files/Pods-IMPlan_iOS/Pods-IMPlan_iOS.release.xcconfig"; sourceTree = "<group>"; };
		7267C8DF1905AA5658B74C17 /* Pods-IMPlan_iOS.debug.xcconfig */ = {isa = PBXFileReference; includeInIndex = 1; lastKnownFileType = text.xcconfig; name = "Pods-IMPlan_iOS.debug.xcconfig"; path = "Pods/Target Support Files/Pods-IMPlan_iOS/Pods-IMPlan_iOS.debug.xcconfig"; sourceTree = "<group>"; };
		8A163E700382355DADB440D3 /* libPods-IMPlan_iOS.a */ = {isa = PBXFileReference; explicitFileType = archive.ar; includeInIndex = 0; path = "libPods-IMPlan_iOS.a"; sourceTree = BUILT_PRODUCTS_DIR; };
		C4E136801B3906310092B976 /* IMPlan_iOS.app */ = {isa = PBXFileReference; explicitFileType = wrapper.application; includeInIndex = 0; path = IMPlan_iOS.app; sourceTree = BUILT_PRODUCTS_DIR; };
		C4E136841B3906310092B976 /* Info.plist */ = {isa = PBXFileReference; lastKnownFileType = text.plist.xml; path = Info.plist; sourceTree = "<group>"; };
		C4E136851B3906310092B976 /* AppDelegate.swift */ = {isa = PBXFileReference; lastKnownFileType = sourcecode.swift; path = AppDelegate.swift; sourceTree = "<group>"; };
		C4E136871B3906310092B976 /* ViewController.swift */ = {isa = PBXFileReference; lastKnownFileType = sourcecode.swift; path = ViewController.swift; sourceTree = "<group>"; };
		C4E1368A1B3906310092B976 /* Base */ = {isa = PBXFileReference; lastKnownFileType = file.storyboard; name = Base; path = Base.lproj/Main.storyboard; sourceTree = "<group>"; };
		C4E1368C1B3906310092B976 /* Images.xcassets */ = {isa = PBXFileReference; lastKnownFileType = folder.assetcatalog; path = Images.xcassets; sourceTree = "<group>"; };
		C4E1368F1B3906310092B976 /* Base */ = {isa = PBXFileReference; lastKnownFileType = file.xib; name = Base; path = Base.lproj/LaunchScreen.xib; sourceTree = "<group>"; };
		C4E136951B3906310092B976 /* IMPlan_iOSTests.xctest */ = {isa = PBXFileReference; explicitFileType = wrapper.cfbundle; includeInIndex = 0; path = IMPlan_iOSTests.xctest; sourceTree = BUILT_PRODUCTS_DIR; };
		C4E1369A1B3906310092B976 /* Info.plist */ = {isa = PBXFileReference; lastKnownFileType = text.plist.xml; path = Info.plist; sourceTree = "<group>"; };
		C4E1369B1B3906310092B976 /* IMPlan_iOSTests.swift */ = {isa = PBXFileReference; lastKnownFileType = sourcecode.swift; path = IMPlan_iOSTests.swift; sourceTree = "<group>"; };
		C4E136A51B39085C0092B976 /* bridge.h */ = {isa = PBXFileReference; lastKnownFileType = sourcecode.c.h; name = bridge.h; path = ../bridge.h; sourceTree = "<group>"; };
/* End PBXFileReference section */

/* Begin PBXFrameworksBuildPhase section */
		C4E1367D1B3906310092B976 /* Frameworks */ = {
			isa = PBXFrameworksBuildPhase;
			buildActionMask = 2147483647;
			files = (
				50B436467E024B8ABCA4C323 /* libPods-IMPlan_iOS.a in Frameworks */,
			);
			runOnlyForDeploymentPostprocessing = 0;
		};
		C4E136921B3906310092B976 /* Frameworks */ = {
			isa = PBXFrameworksBuildPhase;
			buildActionMask = 2147483647;
			files = (
			);
			runOnlyForDeploymentPostprocessing = 0;
		};
/* End PBXFrameworksBuildPhase section */

/* Begin PBXGroup section */
		7219896D3F2A869391AE703B /* Pods */ = {
			isa = PBXGroup;
			children = (
				7267C8DF1905AA5658B74C17 /* Pods-IMPlan_iOS.debug.xcconfig */,
				32DC8045B035D10D24FEEFDE /* Pods-IMPlan_iOS.release.xcconfig */,
			);
			name = Pods;
			sourceTree = "<group>";
		};
		C4E136771B3906310092B976 = {
			isa = PBXGroup;
			children = (
				C4E136821B3906310092B976 /* IMPlan_iOS */,
				C4E136981B3906310092B976 /* IMPlan_iOSTests */,
				C4E136811B3906310092B976 /* Products */,
				7219896D3F2A869391AE703B /* Pods */,
				E42DFF2FD6E4FEEBA74DAC76 /* Frameworks */,
			);
			sourceTree = "<group>";
		};
		C4E136811B3906310092B976 /* Products */ = {
			isa = PBXGroup;
			children = (
				C4E136801B3906310092B976 /* IMPlan_iOS.app */,
				C4E136951B3906310092B976 /* IMPlan_iOSTests.xctest */,
			);
			name = Products;
			sourceTree = "<group>";
		};
		C4E136821B3906310092B976 /* IMPlan_iOS */ = {
			isa = PBXGroup;
			children = (
				C4E136A51B39085C0092B976 /* bridge.h */,
				C4E136851B3906310092B976 /* AppDelegate.swift */,
				C4E136871B3906310092B976 /* ViewController.swift */,
				C4E136891B3906310092B976 /* Main.storyboard */,
				C4E1368C1B3906310092B976 /* Images.xcassets */,
				C4E1368E1B3906310092B976 /* LaunchScreen.xib */,
				C4E136831B3906310092B976 /* Supporting Files */,
			);
			path = IMPlan_iOS;
			sourceTree = "<group>";
		};
		C4E136831B3906310092B976 /* Supporting Files */ = {
			isa = PBXGroup;
			children = (
				C4E136841B3906310092B976 /* Info.plist */,
			);
			name = "Supporting Files";
			sourceTree = "<group>";
		};
		C4E136981B3906310092B976 /* IMPlan_iOSTests */ = {
			isa = PBXGroup;
			children = (
				C4E1369B1B3906310092B976 /* IMPlan_iOSTests.swift */,
				C4E136991B3906310092B976 /* Supporting Files */,
			);
			path = IMPlan_iOSTests;
			sourceTree = "<group>";
		};
		C4E136991B3906310092B976 /* Supporting Files */ = {
			isa = PBXGroup;
			children = (
				C4E1369A1B3906310092B976 /* Info.plist */,
			);
			name = "Supporting Files";
			sourceTree = "<group>";
		};
		E42DFF2FD6E4FEEBA74DAC76 /* Frameworks */ = {
			isa = PBXGroup;
			children = (
				8A163E700382355DADB440D3 /* libPods-IMPlan_iOS.a */,
			);
			name = Frameworks;
			sourceTree = "<group>";
		};
/* End PBXGroup section */

/* Begin PBXNativeTarget section */
		C4E1367F1B3906310092B976 /* IMPlan_iOS */ = {
			isa = PBXNativeTarget;
			buildConfigurationList = C4E1369F1B3906310092B976 /* Build configuration list for PBXNativeTarget "IMPlan_iOS" */;
			buildPhases = (
				06B462B2C12C68D6A133D2B1 /* Check Pods Manifest.lock */,
				C4E1367C1B3906310092B976 /* Sources */,
				C4E1367D1B3906310092B976 /* Frameworks */,
				C4E1367E1B3906310092B976 /* Resources */,
				31633A59EADDE893A3C82339 /* Copy Pods Resources */,
			);
			buildRules = (
			);
			dependencies = (
			);
			name = IMPlan_iOS;
			productName = IMPlan_iOS;
			productReference = C4E136801B3906310092B976 /* IMPlan_iOS.app */;
			productType = "com.apple.product-type.application";
		};
		C4E136941B3906310092B976 /* IMPlan_iOSTests */ = {
			isa = PBXNativeTarget;
			buildConfigurationList = C4E136A21B3906310092B976 /* Build configuration list for PBXNativeTarget "IMPlan_iOSTests" */;
			buildPhases = (
				C4E136911B3906310092B976 /* Sources */,
				C4E136921B3906310092B976 /* Frameworks */,
				C4E136931B3906310092B976 /* Resources */,
			);
			buildRules = (
			);
			dependencies = (
				C4E136971B3906310092B976 /* PBXTargetDependency */,
			);
			name = IMPlan_iOSTests;
			productName = IMPlan_iOSTests;
			productReference = C4E136951B3906310092B976 /* IMPlan_iOSTests.xctest */;
			productType = "com.apple.product-type.bundle.unit-test";
		};
/* End PBXNativeTarget section */

/* Begin PBXProject section */
		C4E136781B3906310092B976 /* Project object */ = {
			isa = PBXProject;
			attributes = {
				LastUpgradeCheck = 0630;
				ORGANIZATIONNAME = qinyuanlong;
				TargetAttributes = {
					C4E1367F1B3906310092B976 = {
						CreatedOnToolsVersion = 6.3.1;
					};
					C4E136941B3906310092B976 = {
						CreatedOnToolsVersion = 6.3.1;
						TestTargetID = C4E1367F1B3906310092B976;
					};
				};
			};
			buildConfigurationList = C4E1367B1B3906310092B976 /* Build configuration list for PBXProject "IMPlan_iOS" */;
			compatibilityVersion = "Xcode 3.2";
			developmentRegion = English;
			hasScannedForEncodings = 0;
			knownRegions = (
				en,
				Base,
			);
			mainGroup = C4E136771B3906310092B976;
			productRefGroup = C4E136811B3906310092B976 /* Products */;
			projectDirPath = "";
			projectRoot = "";
			targets = (
				C4E1367F1B3906310092B976 /* IMPlan_iOS */,
				C4E136941B3906310092B976 /* IMPlan_iOSTests */,
			);
		};
/* End PBXProject section */

/* Begin PBXResourcesBuildPhase section */
		C4E1367E1B3906310092B976 /* Resources */ = {
			isa = PBXResourcesBuildPhase;
			buildActionMask = 2147483647;
			files = (
				C4E1368B1B3906310092B976 /* Main.storyboard in Resources */,
				C4E136901B3906310092B976 /* LaunchScreen.xib in Resources */,
				C4E1368D1B3906310092B976 /* Images.xcassets in Resources */,
			);
			runOnlyForDeploymentPostprocessing = 0;
		};
		C4E136931B3906310092B976 /* Resources */ = {
			isa = PBXResourcesBuildPhase;
			buildActionMask = 2147483647;
			files = (
			);
			runOnlyForDeploymentPostprocessing = 0;
		};
/* End PBXResourcesBuildPhase section */

/* Begin PBXShellScriptBuildPhase section */
		06B462B2C12C68D6A133D2B1 /* Check Pods Manifest.lock */ = {
			isa = PBXShellScriptBuildPhase;
			buildActionMask = 2147483647;
			files = (
			);
			inputPaths = (
			);
			name = "Check Pods Manifest.lock";
			outputPaths = (
			);
			runOnlyForDeploymentPostprocessing = 0;
			shellPath = /bin/sh;
			shellScript = "diff \"${PODS_ROOT}/../Podfile.lock\" \"${PODS_ROOT}/Manifest.lock\" > /dev/null\nif [[ $? != 0 ]] ; then\n    cat << EOM\nerror: The sandbox is not in sync with the Podfile.lock. Run 'pod install' or update your CocoaPods installation.\nEOM\n    exit 1\nfi\n";
			showEnvVarsInLog = 0;
		};
		31633A59EADDE893A3C82339 /* Copy Pods Resources */ = {
			isa = PBXShellScriptBuildPhase;
			buildActionMask = 2147483647;
			files = (
			);
			inputPaths = (
			);
			name = "Copy Pods Resources";
			outputPaths = (
			);
			runOnlyForDeploymentPostprocessing = 0;
			shellPath = /bin/sh;
			shellScript = "\"${SRCROOT}/Pods/Target Support Files/Pods-IMPlan_iOS/Pods-IMPlan_iOS-resources.sh\"\n";
			showEnvVarsInLog = 0;
		};
/* End PBXShellScriptBuildPhase section */

/* Begin PBXSourcesBuildPhase section */
		C4E1367C1B3906310092B976 /* Sources */ = {
			isa = PBXSourcesBuildPhase;
			buildActionMask = 2147483647;
			files = (
				C4E136881B3906310092B976 /* ViewController.swift in Sources */,
				C4E136861B3906310092B976 /* AppDelegate.swift in Sources */,
			);
			runOnlyForDeploymentPostprocessing = 0;
		};
		C4E136911B3906310092B976 /* Sources */ = {
			isa = PBXSourcesBuildPhase;
			buildActionMask = 2147483647;
			files = (
				C4E1369C1B3906310092B976 /* IMPlan_iOSTests.swift in Sources */,
			);
			runOnlyForDeploymentPostprocessing = 0;
		};
/* End PBXSourcesBuildPhase section */

/* Begin PBXTargetDependency section */
		C4E136971B3906310092B976 /* PBXTargetDependency */ = {
			isa = PBXTargetDependency;
			target = C4E1367F1B3906310092B976 /* IMPlan_iOS */;
			targetProxy = C4E136961B3906310092B976 /* PBXContainerItemProxy */;
		};
/* End PBXTargetDependency section */

/* Begin PBXVariantGroup section */
		C4E136891B3906310092B976 /* Main.storyboard */ = {
			isa = PBXVariantGroup;
			children = (
				C4E1368A1B3906310092B976 /* Base */,
			);
			name = Main.storyboard;
			sourceTree = "<group>";
		};
		C4E1368E1B3906310092B976 /* LaunchScreen.xib */ = {
			isa = PBXVariantGroup;
			children = (
				C4E1368F1B3906310092B976 /* Base */,
			);
			name = LaunchScreen.xib;
			sourceTree = "<group>";
		};
/* End PBXVariantGroup section */

/* Begin XCBuildConfiguration section */
		C4E1369D1B3906310092B976 /* Debug */ = {
			isa = XCBuildConfiguration;
			buildSettings = {
				ALWAYS_SEARCH_USER_PATHS = NO;
				CLANG_CXX_LANGUAGE_STANDARD = "gnu++0x";
				CLANG_CXX_LIBRARY = "libc++";
				CLANG_ENABLE_MODULES = YES;
				CLANG_ENABLE_OBJC_ARC = YES;
				CLANG_WARN_BOOL_CONVERSION = YES;
				CLANG_WARN_CONSTANT_CONVERSION = YES;
				CLANG_WARN_DIRECT_OBJC_ISA_USAGE = YES_ERROR;
				CLANG_WARN_EMPTY_BODY = YES;
				CLANG_WARN_ENUM_CONVERSION = YES;
				CLANG_WARN_INT_CONVERSION = YES;
				CLANG_WARN_OBJC_ROOT_CLASS = YES_ERROR;
				CLANG_WARN_UNREACHABLE_CODE = YES;
				CLANG_WARN__DUPLICATE_METHOD_MATCH = YES;
				"CODE_SIGN_IDENTITY[sdk=iphoneos*]" = "iPhone Developer";
				COPY_PHASE_STRIP = NO;
				DEBUG_INFORMATION_FORMAT = "dwarf-with-dsym";
				ENABLE_STRICT_OBJC_MSGSEND = YES;
				GCC_C_LANGUAGE_STANDARD = gnu99;
				GCC_DYNAMIC_NO_PIC = NO;
				GCC_NO_COMMON_BLOCKS = YES;
				GCC_OPTIMIZATION_LEVEL = 0;
				GCC_PREPROCESSOR_DEFINITIONS = (
					"DEBUG=1",
					"$(inherited)",
				);
				GCC_SYMBOLS_PRIVATE_EXTERN = NO;
				GCC_WARN_64_TO_32_BIT_CONVERSION = YES;
				GCC_WARN_ABOUT_RETURN_TYPE = YES_ERROR;
				GCC_WARN_UNDECLARED_SELECTOR = YES;
				GCC_WARN_UNINITIALIZED_AUTOS = YES_AGGRESSIVE;
				GCC_WARN_UNUSED_FUNCTION = YES;
				GCC_WARN_UNUSED_VARIABLE = YES;
				IPHONEOS_DEPLOYMENT_TARGET = 8.3;
				MTL_ENABLE_DEBUG_INFO = YES;
				ONLY_ACTIVE_ARCH = YES;
				SDKROOT = iphoneos;
				SWIFT_OPTIMIZATION_LEVEL = "-Onone";
			};
			name = Debug;
		};
		C4E1369E1B3906310092B976 /* Release */ = {
			isa = XCBuildConfiguration;
			buildSettings = {
				ALWAYS_SEARCH_USER_PATHS = NO;
				CLANG_CXX_LANGUAGE_STANDARD = "gnu++0x";
				CLANG_CXX_LIBRARY = "libc++";
				CLANG_ENABLE_MODULES = YES;
				CLANG_ENABLE_OBJC_ARC = YES;
				CLANG_WARN_BOOL_CONVERSION = YES;
				CLANG_WARN_CONSTANT_CONVERSION = YES;
				CLANG_WARN_DIRECT_OBJC_ISA_USAGE = YES_ERROR;
				CLANG_WARN_EMPTY_BODY = YES;
				CLANG_WARN_ENUM_CONVERSION = YES;
				CLANG_WARN_INT_CONVERSION = YES;
				CLANG_WARN_OBJC_ROOT_CLASS = YES_ERROR;
				CLANG_WARN_UNREACHABLE_CODE = YES;
				CLANG_WARN__DUPLICATE_METHOD_MATCH = YES;
				"CODE_SIGN_IDENTITY[sdk=iphoneos*]" = "iPhone Developer";
				COPY_PHASE_STRIP = NO;
				DEBUG_INFORMATION_FORMAT = "dwarf-with-dsym";
				ENABLE_NS_ASSERTIONS = NO;
				ENABLE_STRICT_OBJC_MSGSEND = YES;
				GCC_C_LANGUAGE_STANDARD = gnu99;
				GCC_NO_COMMON_BLOCKS = YES;
				GCC_WARN_64_TO_32_BIT_CONVERSION = YES;
				GCC_WARN_ABOUT_RETURN_TYPE = YES_ERROR;
				GCC_WARN_UNDECLARED_SELECTOR = YES;
				GCC_WARN_UNINITIALIZED_AUTOS = YES_AGGRESSIVE;
				GCC_WARN_UNUSED_FUNCTION = YES;
				GCC_WARN_UNUSED_VARIABLE = YES;
				IPHONEOS_DEPLOYMENT_TARGET = 8.3;
				MTL_ENABLE_DEBUG_INFO = NO;
				SDKROOT = iphoneos;
				VALIDATE_PRODUCT = YES;
			};
			name = Release;
		};
		C4E136A01B3906310092B976 /* Debug */ = {
			isa = XCBuildConfiguration;
			baseConfigurationReference = 7267C8DF1905AA5658B74C17 /* Pods-IMPlan_iOS.debug.xcconfig */;
			buildSettings = {
				ASSETCATALOG_COMPILER_APPICON_NAME = AppIcon;
				INFOPLIST_FILE = IMPlan_iOS/Info.plist;
				LD_RUNPATH_SEARCH_PATHS = "$(inherited) @executable_path/Frameworks";
				PRODUCT_NAME = "$(TARGET_NAME)";
				SWIFT_OBJC_BRIDGING_HEADER = bridge.h;
			};
			name = Debug;
		};
		C4E136A11B3906310092B976 /* Release */ = {
			isa = XCBuildConfiguration;
			baseConfigurationReference = 32DC8045B035D10D24FEEFDE /* Pods-IMPlan_iOS.release.xcconfig */;
			buildSettings = {
				ASSETCATALOG_COMPILER_APPICON_NAME = AppIcon;
				INFOPLIST_FILE = IMPlan_iOS/Info.plist;
				LD_RUNPATH_SEARCH_PATHS = "$(inherited) @executable_path/Frameworks";
				PRODUCT_NAME = "$(TARGET_NAME)";
				SWIFT_OBJC_BRIDGING_HEADER = bridge.h;
			};
			name = Release;
		};
		C4E136A31B3906310092B976 /* Debug */ = {
			isa = XCBuildConfiguration;
			buildSettings = {
				BUNDLE_LOADER = "$(TEST_HOST)";
				FRAMEWORK_SEARCH_PATHS = (
					"$(SDKROOT)/Developer/Library/Frameworks",
					"$(inherited)",
				);
				GCC_PREPROCESSOR_DEFINITIONS = (
					"DEBUG=1",
					"$(inherited)",
				);
				INFOPLIST_FILE = IMPlan_iOSTests/Info.plist;
				LD_RUNPATH_SEARCH_PATHS = "$(inherited) @executable_path/Frameworks @loader_path/Frameworks";
				PRODUCT_NAME = "$(TARGET_NAME)";
				TEST_HOST = "$(BUILT_PRODUCTS_DIR)/IMPlan_iOS.app/IMPlan_iOS";
			};
			name = Debug;
		};
		C4E136A41B3906310092B976 /* Release */ = {
			isa = XCBuildConfiguration;
			buildSettings = {
				BUNDLE_LOADER = "$(TEST_HOST)";
				FRAMEWORK_SEARCH_PATHS = (
					"$(SDKROOT)/Developer/Library/Frameworks",
					"$(inherited)",
				);
				INFOPLIST_FILE = IMPlan_iOSTests/Info.plist;
				LD_RUNPATH_SEARCH_PATHS = "$(inherited) @executable_path/Frameworks @loader_path/Frameworks";
				PRODUCT_NAME = "$(TARGET_NAME)";
				TEST_HOST = "$(BUILT_PRODUCTS_DIR)/IMPlan_iOS.app/IMPlan_iOS";
			};
			name = Release;
		};
/* End XCBuildConfiguration section */

/* Begin XCConfigurationList section */
		C4E1367B1B3906310092B976 /* Build configuration list for PBXProject "IMPlan_iOS" */ = {
			isa = XCConfigurationList;
			buildConfigurations = (
				C4E1369D1B3906310092B976 /* Debug */,
				C4E1369E1B3906310092B976 /* Release */,
			);
			defaultConfigurationIsVisible = 0;
			defaultConfigurationName = Release;
		};
		C4E1369F1B3906310092B976 /* Build configuration list for PBXNativeTarget "IMPlan_iOS" */ = {
			isa = XCConfigurationList;
			buildConfigurations = (
				C4E136A01B3906310092B976 /* Debug */,
				C4E136A11B3906310092B976 /* Release */,
			);
			defaultConfigurationIsVisible = 0;
			defaultConfigurationName = Release;
		};
		C4E136A21B3906310092B976 /* Build configuration list for PBXNativeTarget "IMPlan_iOSTests" */ = {
			isa = XCConfigurationList;
			buildConfigurations = (
				C4E136A31B3906310092B976 /* Debug */,
				C4E136A41B3906310092B976 /* Release */,
			);
			defaultConfigurationIsVisible = 0;
			defaultConfigurationName = Release;
		};
/* End XCConfigurationList section */
	};
	rootObject = C4E136781B3906310092B976 /* Project object */;
}
